Microsoft Visual Studio Solution File, Format Version 11.00
# Visual Studio 2008

Project("{8DE282A7-2B3E-AE68-AC58-A84A2D4F2504}") = "Demo10", "Assembly-CSharp.csproj", "{B104CCBA-27D9-0E35-1711-C7B9E8E8C3C5}"
EndProject
Global
	GlobalSection(SolutionConfigurationPlatforms) = preSolution
		Debug|Any CPU = Debug|Any CPU
		Release|Any CPU = Release|Any CPU
	EndGlobalSection
	GlobalSection(ProjectConfigurationPlatforms) = postSolution
		{B104CCBA-27D9-0E35-1711-C7B9E8E8C3C5}.Debug|Any CPU.ActiveCfg = Debug|Any CPU
		{B104CCBA-27D9-0E35-1711-C7B9E8E8C3C5}.Debug|Any CPU.Build.0 = Debug|Any CPU
		{B104CCBA-27D9-0E35-1711-C7B9E8E8C3C5}.Release|Any CPU.ActiveCfg = Release|Any CPU
		{B104CCBA-27D9-0E35-1711-C7B9E8E8C3C5}.Release|Any CPU.Build.0 = Release|Any CPU
	EndGlobalSection
	GlobalSection(SolutionProperties) = preSolution
		HideSolutionNode = FALSE
	EndGlobalSection
	GlobalSection(MonoDevelopProperties) = preSolution
		StartupItem = Assembly-CSharp.csproj
	EndGlobalSection
EndGlobal
