Microsoft Visual Studio Solution File, Format Version 11.00
# Visual Studio 2008

Project("{9AC6ADC6-048F-7212-F93E-BB2F46BE1116}") = "Demo05", "Assembly-CSharp-firstpass.csproj", "{D746A615-6F13-C287-9202-A3677412E44B}"
EndProject
Project("{9AC6ADC6-048F-7212-F93E-BB2F46BE1116}") = "Demo05", "Assembly-CSharp.csproj", "{0652FA1B-0AE6-6897-397E-83EC825ECB03}"
EndProject
Project("{9AC6ADC6-048F-7212-F93E-BB2F46BE1116}") = "Demo05", "Assembly-CSharp-Editor-firstpass.csproj", "{7219A809-F736-7A65-3273-D44C502D4B69}"
EndProject
Global
	GlobalSection(SolutionConfigurationPlatforms) = preSolution
		Debug|Any CPU = Debug|Any CPU
		Release|Any CPU = Release|Any CPU
	EndGlobalSection
	GlobalSection(ProjectConfigurationPlatforms) = postSolution
		{D746A615-6F13-C287-9202-A3677412E44B}.Debug|Any CPU.ActiveCfg = Debug|Any CPU
		{D746A615-6F13-C287-9202-A3677412E44B}.Debug|Any CPU.Build.0 = Debug|Any CPU
		{D746A615-6F13-C287-9202-A3677412E44B}.Release|Any CPU.ActiveCfg = Release|Any CPU
		{D746A615-6F13-C287-9202-A3677412E44B}.Release|Any CPU.Build.0 = Release|Any CPU
		{0652FA1B-0AE6-6897-397E-83EC825ECB03}.Debug|Any CPU.ActiveCfg = Debug|Any CPU
		{0652FA1B-0AE6-6897-397E-83EC825ECB03}.Debug|Any CPU.Build.0 = Debug|Any CPU
		{0652FA1B-0AE6-6897-397E-83EC825ECB03}.Release|Any CPU.ActiveCfg = Release|Any CPU
		{0652FA1B-0AE6-6897-397E-83EC825ECB03}.Release|Any CPU.Build.0 = Release|Any CPU
		{7219A809-F736-7A65-3273-D44C502D4B69}.Debug|Any CPU.ActiveCfg = Debug|Any CPU
		{7219A809-F736-7A65-3273-D44C502D4B69}.Debug|Any CPU.Build.0 = Debug|Any CPU
		{7219A809-F736-7A65-3273-D44C502D4B69}.Release|Any CPU.ActiveCfg = Release|Any CPU
		{7219A809-F736-7A65-3273-D44C502D4B69}.Release|Any CPU.Build.0 = Release|Any CPU
	EndGlobalSection
	GlobalSection(SolutionProperties) = preSolution
		HideSolutionNode = FALSE
	EndGlobalSection
	GlobalSection(MonoDevelopProperties) = preSolution
		StartupItem = Assembly-CSharp.csproj
	EndGlobalSection
EndGlobal
