Microsoft Visual Studio Solution File, Format Version 11.00
# Visual Studio 2008

Project("{E8A01885-138B-8227-B314-EE95843198A9}") = "Demo07", "Assembly-CSharp.csproj", "{3B83BE7B-E0BA-F276-6B3D-CA0CEAA0CFB9}"
EndProject
Global
	GlobalSection(SolutionConfigurationPlatforms) = preSolution
		Debug|Any CPU = Debug|Any CPU
		Release|Any CPU = Release|Any CPU
	EndGlobalSection
	GlobalSection(ProjectConfigurationPlatforms) = postSolution
		{3B83BE7B-E0BA-F276-6B3D-CA0CEAA0CFB9}.Debug|Any CPU.ActiveCfg = Debug|Any CPU
		{3B83BE7B-E0BA-F276-6B3D-CA0CEAA0CFB9}.Debug|Any CPU.Build.0 = Debug|Any CPU
		{3B83BE7B-E0BA-F276-6B3D-CA0CEAA0CFB9}.Release|Any CPU.ActiveCfg = Release|Any CPU
		{3B83BE7B-E0BA-F276-6B3D-CA0CEAA0CFB9}.Release|Any CPU.Build.0 = Release|Any CPU
	EndGlobalSection
	GlobalSection(SolutionProperties) = preSolution
		HideSolutionNode = FALSE
	EndGlobalSection
	GlobalSection(MonoDevelopProperties) = preSolution
		StartupItem = Assembly-CSharp.csproj
	EndGlobalSection
EndGlobal
