Microsoft Visual Studio Solution File, Format Version 11.00
# Visual Studio 2008

Project("{44AD9628-3D8D-1799-0A9D-CB9959C0C7F1}") = "Demo03", "Assembly-CSharp.csproj", "{30A364F4-2A29-D2B3-EABE-170CFBEF97D6}"
EndProject
Global
	GlobalSection(SolutionConfigurationPlatforms) = preSolution
		Debug|Any CPU = Debug|Any CPU
		Release|Any CPU = Release|Any CPU
	EndGlobalSection
	GlobalSection(ProjectConfigurationPlatforms) = postSolution
		{30A364F4-2A29-D2B3-EABE-170CFBEF97D6}.Debug|Any CPU.ActiveCfg = Debug|Any CPU
		{30A364F4-2A29-D2B3-EABE-170CFBEF97D6}.Debug|Any CPU.Build.0 = Debug|Any CPU
		{30A364F4-2A29-D2B3-EABE-170CFBEF97D6}.Release|Any CPU.ActiveCfg = Release|Any CPU
		{30A364F4-2A29-D2B3-EABE-170CFBEF97D6}.Release|Any CPU.Build.0 = Release|Any CPU
	EndGlobalSection
	GlobalSection(SolutionProperties) = preSolution
		HideSolutionNode = FALSE
	EndGlobalSection
	GlobalSection(MonoDevelopProperties) = preSolution
		StartupItem = Assembly-CSharp.csproj
	EndGlobalSection
EndGlobal
